
Microsoft Visual Studio Solution File, Format Version 12.00
# Visual Studio Version 17
VisualStudioVersion = 17.11.35327.3
MinimumVisualStudioVersion = 10.0.40219.1
Project("{FAE04EC0-301F-11D3-BF4B-00C04F79EFBC}") = "Task2", "Task2\Task2.csproj", "{0E3D8278-BB03-41B7-BE89-55C59CE1EABA}"
EndProject
Global
	GlobalSection(SolutionConfigurationPlatforms) = preSolution
		Debug|Any CPU = Debug|Any CPU
		Release|Any CPU = Release|Any CPU
	EndGlobalSection
	GlobalSection(ProjectConfigurationPlatforms) = postSolution
		{0E3D8278-BB03-41B7-BE89-55C59CE1EABA}.Debug|Any CPU.ActiveCfg = Debug|Any CPU
		{0E3D8278-BB03-41B7-BE89-55C59CE1EABA}.Debug|Any CPU.Build.0 = Debug|Any CPU
		{0E3D8278-BB03-41B7-BE89-55C59CE1EABA}.Release|Any CPU.ActiveCfg = Release|Any CPU
		{0E3D8278-BB03-41B7-BE89-55C59CE1EABA}.Release|Any CPU.Build.0 = Release|Any CPU
	EndGlobalSection
	GlobalSection(SolutionProperties) = preSolution
		HideSolutionNode = FALSE
	EndGlobalSection
	GlobalSection(ExtensibilityGlobals) = postSolution
		SolutionGuid = {037D6D73-AF98-4641-A165-74CF0EB5DFF6}
	EndGlobalSection
EndGlobal
